# THIS IS AN AUTOGENERATED FILE. DO NOT EDIT THIS FILE DIRECTLY.
# yarn lockfile v1


"@types/prop-types@*":
  version "15.5.5"
  resolved "https://registry.yarnpkg.com/@types/prop-types/-/prop-types-15.5.5.tgz#17038dd322c2325f5da650a94d5f9974943625e3"
  dependencies:
    "@types/react" "*"

"@types/react@*":
  version "16.4.11"
  resolved "https://registry.yarnpkg.com/@types/react/-/react-16.4.11.tgz#330f3d864300f71150dc2d125e48644c098f8770"
  dependencies:
    "@types/prop-types" "*"
    csstype "^2.2.0"

"@types/reactstrap@^6.0.2":
  version "6.0.2"
  resolved "https://registry.yarnpkg.com/@types/reactstrap/-/reactstrap-6.0.2.tgz#4684f42bb4d0ba11f98bf5fb2699280a09a95d3b"
  dependencies:
    "@types/react" "*"
    popper.js "^1.14.1"

csstype@^2.2.0:
  version "2.5.6"
  resolved "https://registry.yarnpkg.com/csstype/-/csstype-2.5.6.tgz#2ae1db2319642d8b80a668d2d025c6196071e788"

popper.js@^1.14.1:
  version "1.14.4"
  resolved "https://registry.yarnpkg.com/popper.js/-/popper.js-1.14.4.tgz#8eec1d8ff02a5a3a152dd43414a15c7b79fd69b6"
